
Microsoft Visual Studio Solution File, Format Version 12.00
# Visual Studio Version 16
VisualStudioVersion = 16.0.29209.62
MinimumVisualStudioVersion = 10.0.40219.1
Project("{FAE04EC0-301F-11D3-BF4B-00C04F79EFBC}") = "PSACompressor", "PSACompressor.csproj", "{C96008FC-207D-438D-B25E-A124F3127335}"
EndProject
Global
	GlobalSection(SolutionConfigurationPlatforms) = preSolution
		Debug|Any CPU = Debug|Any CPU
		Release|Any CPU = Release|Any CPU
	EndGlobalSection
	GlobalSection(ProjectConfigurationPlatforms) = postSolution
		{C96008FC-207D-438D-B25E-A124F3127335}.Debug|Any CPU.ActiveCfg = Debug|Any CPU
		{C96008FC-207D-438D-B25E-A124F3127335}.Debug|Any CPU.Build.0 = Debug|Any CPU
		{C96008FC-207D-438D-B25E-A124F3127335}.Release|Any CPU.ActiveCfg = Release|Any CPU
		{C96008FC-207D-438D-B25E-A124F3127335}.Release|Any CPU.Build.0 = Release|Any CPU
	EndGlobalSection
	GlobalSection(SolutionProperties) = preSolution
		HideSolutionNode = FALSE
	EndGlobalSection
	GlobalSection(ExtensibilityGlobals) = postSolution
		SolutionGuid = {09FC5811-861E-41AF-964F-069FC728C210}
	EndGlobalSection
EndGlobal
